
Microsoft Visual Studio Solution File, Format Version 11.00
# Visual C++ Express 2010
Project("{8BC9CEB8-8B4A-11D0-8D11-00A0C91BC942}") = "Recursi2", "Recursi2\Recursi2.vcxproj", "{5042CFFA-CC82-4AA9-A293-A164BBD0AB4D}"
EndProject
Global
	GlobalSection(SolutionConfigurationPlatforms) = preSolution
		Debug|Win32 = Debug|Win32
		Release|Win32 = Release|Win32
	EndGlobalSection
	GlobalSection(ProjectConfigurationPlatforms) = postSolution
		{5042CFFA-CC82-4AA9-A293-A164BBD0AB4D}.Debug|Win32.ActiveCfg = Debug|Win32
		{5042CFFA-CC82-4AA9-A293-A164BBD0AB4D}.Debug|Win32.Build.0 = Debug|Win32
		{5042CFFA-CC82-4AA9-A293-A164BBD0AB4D}.Release|Win32.ActiveCfg = Release|Win32
		{5042CFFA-CC82-4AA9-A293-A164BBD0AB4D}.Release|Win32.Build.0 = Release|Win32
	EndGlobalSection
	GlobalSection(SolutionProperties) = preSolution
		HideSolutionNode = FALSE
	EndGlobalSection
EndGlobal
